// !$*UTF8*$!
{
	archiveVersion = 1;
	classes = {
	};
	objectVersion = 55;
	objects = {

/* Begin PBXBuildFile section */
		D642ABDE27D2506A008DA024 /* MemorizeApp.swift in Sources */ = {isa = PBXBuildFile; fileRef = D642ABDD27D2506A008DA024 /* MemorizeApp.swift */; };
		D642ABE027D2506A008DA024 /* EmojiGameView.swift in Sources */ = {isa = PBXBuildFile; fileRef = D642ABDF27D2506A008DA024 /* EmojiGameView.swift */; };
		D642ABE227D2506C008DA024 /* Assets.xcassets in Resources */ = {isa = PBXBuildFile; fileRef = D642ABE127D2506C008DA024 /* Assets.xcassets */; };
		D642ABE527D2506C008DA024 /* Preview Assets.xcassets in Resources */ = {isa = PBXBuildFile; fileRef = D642ABE427D2506C008DA024 /* Preview Assets.xcassets */; };
		D642ABEF27D2506C008DA024 /* MemorizeTests.swift in Sources */ = {isa = PBXBuildFile; fileRef = D642ABEE27D2506C008DA024 /* MemorizeTests.swift */; };
		D642ABF927D2506C008DA024 /* MemorizeUITests.swift in Sources */ = {isa = PBXBuildFile; fileRef = D642ABF827D2506C008DA024 /* MemorizeUITests.swift */; };
		D642ABFB27D2506C008DA024 /* MemorizeUITestsLaunchTests.swift in Sources */ = {isa = PBXBuildFile; fileRef = D642ABFA27D2506C008DA024 /* MemorizeUITestsLaunchTests.swift */; };
		D642AC0927D251F2008DA024 /* CardView.swift in Sources */ = {isa = PBXBuildFile; fileRef = D642AC0827D251F2008DA024 /* CardView.swift */; };
		D642AC0C27D27343008DA024 /* Theme.swift in Sources */ = {isa = PBXBuildFile; fileRef = D642AC0B27D27343008DA024 /* Theme.swift */; };
		D642AC0E27D3A0C3008DA024 /* MemoryGame.swift in Sources */ = {isa = PBXBuildFile; fileRef = D642AC0D27D3A0C3008DA024 /* MemoryGame.swift */; };
		D642AC1127D3A35B008DA024 /* EmojiMemoryGame.swift in Sources */ = {isa = PBXBuildFile; fileRef = D642AC1027D3A35B008DA024 /* EmojiMemoryGame.swift */; };
		D642AC1527D3A471008DA024 /* MemoryGameFactories.swift in Sources */ = {isa = PBXBuildFile; fileRef = D642AC1427D3A471008DA024 /* MemoryGameFactories.swift */; };
		D6D5906427DCFC9C0068C92A /* ArrayExtension.swift in Sources */ = {isa = PBXBuildFile; fileRef = D6D5906327DCFC9C0068C92A /* ArrayExtension.swift */; };
		D6D5906627DD20C20068C92A /* AspectVGrid.swift in Sources */ = {isa = PBXBuildFile; fileRef = D6D5906527DD20C20068C92A /* AspectVGrid.swift */; };
		D6D5906827DD32880068C92A /* Pie.swift in Sources */ = {isa = PBXBuildFile; fileRef = D6D5906727DD32880068C92A /* Pie.swift */; };
		D6D590BE27E478570068C92A /* Cardify.swift in Sources */ = {isa = PBXBuildFile; fileRef = D6D590BD27E478570068C92A /* Cardify.swift */; };
/* End PBXBuildFile section */

/* Begin PBXContainerItemProxy section */
		D642ABEB27D2506C008DA024 /* PBXContainerItemProxy */ = {
			isa = PBXContainerItemProxy;
			containerPortal = D642ABD227D25069008DA024 /* Project object */;
			proxyType = 1;
			remoteGlobalIDString = D642ABD927D25069008DA024;
			remoteInfo = Memorize;
		};
		D642ABF527D2506C008DA024 /* PBXContainerItemProxy */ = {
			isa = PBXContainerItemProxy;
			containerPortal = D642ABD227D25069008DA024 /* Project object */;
			proxyType = 1;
			remoteGlobalIDString = D642ABD927D25069008DA024;
			remoteInfo = Memorize;
		};
/* End PBXContainerItemProxy section */

/* Begin PBXFileReference section */
		D642ABDA27D25069008DA024 /* Memorize.app */ = {isa = PBXFileReference; explicitFileType = wrapper.application; includeInIndex = 0; path = Memorize.app; sourceTree = BUILT_PRODUCTS_DIR; };
		D642ABDD27D2506A008DA024 /* MemorizeApp.swift */ = {isa = PBXFileReference; lastKnownFileType = sourcecode.swift; path = MemorizeApp.swift; sourceTree = "<group>"; };
		D642ABDF27D2506A008DA024 /* EmojiGameView.swift */ = {isa = PBXFileReference; lastKnownFileType = sourcecode.swift; path = EmojiGameView.swift; sourceTree = "<group>"; };
		D642ABE127D2506C008DA024 /* Assets.xcassets */ = {isa = PBXFileReference; lastKnownFileType = folder.assetcatalog; path = Assets.xcassets; sourceTree = "<group>"; };
		D642ABE427D2506C008DA024 /* Preview Assets.xcassets */ = {isa = PBXFileReference; lastKnownFileType = folder.assetcatalog; path = "Preview Assets.xcassets"; sourceTree = "<group>"; };
		D642ABEA27D2506C008DA024 /* MemorizeTests.xctest */ = {isa = PBXFileReference; explicitFileType = wrapper.cfbundle; includeInIndex = 0; path = MemorizeTests.xctest; sourceTree = BUILT_PRODUCTS_DIR; };
		D642ABEE27D2506C008DA024 /* MemorizeTests.swift */ = {isa = PBXFileReference; lastKnownFileType = sourcecode.swift; path = MemorizeTests.swift; sourceTree = "<group>"; };
		D642ABF427D2506C008DA024 /* MemorizeUITests.xctest */ = {isa = PBXFileReference; explicitFileType = wrapper.cfbundle; includeInIndex = 0; path = MemorizeUITests.xctest; sourceTree = BUILT_PRODUCTS_DIR; };
		D642ABF827D2506C008DA024 /* MemorizeUITests.swift */ = {isa = PBXFileReference; lastKnownFileType = sourcecode.swift; path = MemorizeUITests.swift; sourceTree = "<group>"; };
		D642ABFA27D2506C008DA024 /* MemorizeUITestsLaunchTests.swift */ = {isa = PBXFileReference; lastKnownFileType = sourcecode.swift; path = MemorizeUITestsLaunchTests.swift; sourceTree = "<group>"; };
		D642AC0827D251F2008DA024 /* CardView.swift */ = {isa = PBXFileReference; lastKnownFileType = sourcecode.swift; path = CardView.swift; sourceTree = "<group>"; };
		D642AC0B27D27343008DA024 /* Theme.swift */ = {isa = PBXFileReference; lastKnownFileType = sourcecode.swift; path = Theme.swift; sourceTree = "<group>"; };
		D642AC0D27D3A0C3008DA024 /* MemoryGame.swift */ = {isa = PBXFileReference; lastKnownFileType = sourcecode.swift; path = MemoryGame.swift; sourceTree = "<group>"; };
		D642AC1027D3A35B008DA024 /* EmojiMemoryGame.swift */ = {isa = PBXFileReference; lastKnownFileType = sourcecode.swift; path = EmojiMemoryGame.swift; sourceTree = "<group>"; };
		D642AC1427D3A471008DA024 /* MemoryGameFactories.swift */ = {isa = PBXFileReference; lastKnownFileType = sourcecode.swift; path = MemoryGameFactories.swift; sourceTree = "<group>"; };
		D6D5906327DCFC9C0068C92A /* ArrayExtension.swift */ = {isa = PBXFileReference; lastKnownFileType = sourcecode.swift; path = ArrayExtension.swift; sourceTree = "<group>"; };
		D6D5906527DD20C20068C92A /* AspectVGrid.swift */ = {isa = PBXFileReference; lastKnownFileType = sourcecode.swift; path = AspectVGrid.swift; sourceTree = "<group>"; };
		D6D5906727DD32880068C92A /* Pie.swift */ = {isa = PBXFileReference; lastKnownFileType = sourcecode.swift; path = Pie.swift; sourceTree = "<group>"; };
		D6D590BD27E478570068C92A /* Cardify.swift */ = {isa = PBXFileReference; lastKnownFileType = sourcecode.swift; path = Cardify.swift; sourceTree = "<group>"; };
/* End PBXFileReference section */

/* Begin PBXFrameworksBuildPhase section */
		D642ABD727D25069008DA024 /* Frameworks */ = {
			isa = PBXFrameworksBuildPhase;
			buildActionMask = 2147483647;
			files = (
			);
			runOnlyForDeploymentPostprocessing = 0;
		};
		D642ABE727D2506C008DA024 /* Frameworks */ = {
			isa = PBXFrameworksBuildPhase;
			buildActionMask = 2147483647;
			files = (
			);
			runOnlyForDeploymentPostprocessing = 0;
		};
		D642ABF127D2506C008DA024 /* Frameworks */ = {
			isa = PBXFrameworksBuildPhase;
			buildActionMask = 2147483647;
			files = (
			);
			runOnlyForDeploymentPostprocessing = 0;
		};
/* End PBXFrameworksBuildPhase section */

/* Begin PBXGroup section */
		D642ABD127D25069008DA024 = {
			isa = PBXGroup;
			children = (
				D642ABDC27D25069008DA024 /* Memorize */,
				D642ABDD27D2506A008DA024 /* MemorizeApp.swift */,
				D642ABED27D2506C008DA024 /* MemorizeTests */,
				D642ABF727D2506C008DA024 /* MemorizeUITests */,
				D642ABDB27D25069008DA024 /* Products */,
			);
			sourceTree = "<group>";
		};
		D642ABDB27D25069008DA024 /* Products */ = {
			isa = PBXGroup;
			children = (
				D642ABDA27D25069008DA024 /* Memorize.app */,
				D642ABEA27D2506C008DA024 /* MemorizeTests.xctest */,
				D642ABF427D2506C008DA024 /* MemorizeUITests.xctest */,
			);
			name = Products;
			sourceTree = "<group>";
		};
		D642ABDC27D25069008DA024 /* Memorize */ = {
			isa = PBXGroup;
			children = (
				D6D5906227DCFC8E0068C92A /* Extensions */,
				D642AC1227D3A457008DA024 /* Utilities */,
				D642AC0F27D3A34C008DA024 /* ViewModel */,
				D642AC0A27D27336008DA024 /* Model */,
				D642AC0727D251D6008DA024 /* Views */,
				D642ABE127D2506C008DA024 /* Assets.xcassets */,
				D642ABE327D2506C008DA024 /* Preview Content */,
			);
			path = Memorize;
			sourceTree = "<group>";
		};
		D642ABE327D2506C008DA024 /* Preview Content */ = {
			isa = PBXGroup;
			children = (
				D642ABE427D2506C008DA024 /* Preview Assets.xcassets */,
			);
			path = "Preview Content";
			sourceTree = "<group>";
		};
		D642ABED27D2506C008DA024 /* MemorizeTests */ = {
			isa = PBXGroup;
			children = (
				D642ABEE27D2506C008DA024 /* MemorizeTests.swift */,
			);
			path = MemorizeTests;
			sourceTree = "<group>";
		};
		D642ABF727D2506C008DA024 /* MemorizeUITests */ = {
			isa = PBXGroup;
			children = (
				D642ABF827D2506C008DA024 /* MemorizeUITests.swift */,
				D642ABFA27D2506C008DA024 /* MemorizeUITestsLaunchTests.swift */,
			);
			path = MemorizeUITests;
			sourceTree = "<group>";
		};
		D642AC0727D251D6008DA024 /* Views */ = {
			isa = PBXGroup;
			children = (
				D6D590BC27E478480068C92A /* Modifier */,
				D642ABDF27D2506A008DA024 /* EmojiGameView.swift */,
				D642AC0827D251F2008DA024 /* CardView.swift */,
				D6D5906527DD20C20068C92A /* AspectVGrid.swift */,
				D6D5906727DD32880068C92A /* Pie.swift */,
			);
			path = Views;
			sourceTree = "<group>";
		};
		D642AC0A27D27336008DA024 /* Model */ = {
			isa = PBXGroup;
			children = (
				D642AC0B27D27343008DA024 /* Theme.swift */,
				D642AC0D27D3A0C3008DA024 /* MemoryGame.swift */,
			);
			path = Model;
			sourceTree = "<group>";
		};
		D642AC0F27D3A34C008DA024 /* ViewModel */ = {
			isa = PBXGroup;
			children = (
				D642AC1027D3A35B008DA024 /* EmojiMemoryGame.swift */,
			);
			path = ViewModel;
			sourceTree = "<group>";
		};
		D642AC1227D3A457008DA024 /* Utilities */ = {
			isa = PBXGroup;
			children = (
				D642AC1327D3A45E008DA024 /* MemoryGameFactories */,
			);
			path = Utilities;
			sourceTree = "<group>";
		};
		D642AC1327D3A45E008DA024 /* MemoryGameFactories */ = {
			isa = PBXGroup;
			children = (
				D642AC1427D3A471008DA024 /* MemoryGameFactories.swift */,
			);
			path = MemoryGameFactories;
			sourceTree = "<group>";
		};
		D6D5906227DCFC8E0068C92A /* Extensions */ = {
			isa = PBXGroup;
			children = (
				D6D5906327DCFC9C0068C92A /* ArrayExtension.swift */,
			);
			path = Extensions;
			sourceTree = "<group>";
		};
		D6D590BC27E478480068C92A /* Modifier */ = {
			isa = PBXGroup;
			children = (
				D6D590BD27E478570068C92A /* Cardify.swift */,
			);
			path = Modifier;
			sourceTree = "<group>";
		};
/* End PBXGroup section */

/* Begin PBXNativeTarget section */
		D642ABD927D25069008DA024 /* Memorize */ = {
			isa = PBXNativeTarget;
			buildConfigurationList = D642ABFE27D2506C008DA024 /* Build configuration list for PBXNativeTarget "Memorize" */;
			buildPhases = (
				D642ABD627D25069008DA024 /* Sources */,
				D642ABD727D25069008DA024 /* Frameworks */,
				D642ABD827D25069008DA024 /* Resources */,
			);
			buildRules = (
			);
			dependencies = (
			);
			name = Memorize;
			productName = Memorize;
			productReference = D642ABDA27D25069008DA024 /* Memorize.app */;
			productType = "com.apple.product-type.application";
		};
		D642ABE927D2506C008DA024 /* MemorizeTests */ = {
			isa = PBXNativeTarget;
			buildConfigurationList = D642AC0127D2506C008DA024 /* Build configuration list for PBXNativeTarget "MemorizeTests" */;
			buildPhases = (
				D642ABE627D2506C008DA024 /* Sources */,
				D642ABE727D2506C008DA024 /* Frameworks */,
				D642ABE827D2506C008DA024 /* Resources */,
			);
			buildRules = (
			);
			dependencies = (
				D642ABEC27D2506C008DA024 /* PBXTargetDependency */,
			);
			name = MemorizeTests;
			productName = MemorizeTests;
			productReference = D642ABEA27D2506C008DA024 /* MemorizeTests.xctest */;
			productType = "com.apple.product-type.bundle.unit-test";
		};
		D642ABF327D2506C008DA024 /* MemorizeUITests */ = {
			isa = PBXNativeTarget;
			buildConfigurationList = D642AC0427D2506C008DA024 /* Build configuration list for PBXNativeTarget "MemorizeUITests" */;
			buildPhases = (
				D642ABF027D2506C008DA024 /* Sources */,
				D642ABF127D2506C008DA024 /* Frameworks */,
				D642ABF227D2506C008DA024 /* Resources */,
			);
			buildRules = (
			);
			dependencies = (
				D642ABF627D2506C008DA024 /* PBXTargetDependency */,
			);
			name = MemorizeUITests;
			productName = MemorizeUITests;
			productReference = D642ABF427D2506C008DA024 /* MemorizeUITests.xctest */;
			productType = "com.apple.product-type.bundle.ui-testing";
		};
/* End PBXNativeTarget section */

/* Begin PBXProject section */
		D642ABD227D25069008DA024 /* Project object */ = {
			isa = PBXProject;
			attributes = {
				BuildIndependentTargetsInParallel = 1;
				LastSwiftUpdateCheck = 1320;
				LastUpgradeCheck = 1320;
				TargetAttributes = {
					D642ABD927D25069008DA024 = {
						CreatedOnToolsVersion = 13.2.1;
					};
					D642ABE927D2506C008DA024 = {
						CreatedOnToolsVersion = 13.2.1;
						TestTargetID = D642ABD927D25069008DA024;
					};
					D642ABF327D2506C008DA024 = {
						CreatedOnToolsVersion = 13.2.1;
						TestTargetID = D642ABD927D25069008DA024;
					};
				};
			};
			buildConfigurationList = D642ABD527D25069008DA024 /* Build configuration list for PBXProject "Memorize" */;
			compatibilityVersion = "Xcode 13.0";
			developmentRegion = en;
			hasScannedForEncodings = 0;
			knownRegions = (
				en,
				Base,
			);
			mainGroup = D642ABD127D25069008DA024;
			productRefGroup = D642ABDB27D25069008DA024 /* Products */;
			projectDirPath = "";
			projectRoot = "";
			targets = (
				D642ABD927D25069008DA024 /* Memorize */,
				D642ABE927D2506C008DA024 /* MemorizeTests */,
				D642ABF327D2506C008DA024 /* MemorizeUITests */,
			);
		};
/* End PBXProject section */

/* Begin PBXResourcesBuildPhase section */
		D642ABD827D25069008DA024 /* Resources */ = {
			isa = PBXResourcesBuildPhase;
			buildActionMask = 2147483647;
			files = (
				D642ABE527D2506C008DA024 /* Preview Assets.xcassets in Resources */,
				D642ABE227D2506C008DA024 /* Assets.xcassets in Resources */,
			);
			runOnlyForDeploymentPostprocessing = 0;
		};
		D642ABE827D2506C008DA024 /* Resources */ = {
			isa = PBXResourcesBuildPhase;
			buildActionMask = 2147483647;
			files = (
			);
			runOnlyForDeploymentPostprocessing = 0;
		};
		D642ABF227D2506C008DA024 /* Resources */ = {
			isa = PBXResourcesBuildPhase;
			buildActionMask = 2147483647;
			files = (
			);
			runOnlyForDeploymentPostprocessing = 0;
		};
/* End PBXResourcesBuildPhase section */

/* Begin PBXSourcesBuildPhase section */
		D642ABD627D25069008DA024 /* Sources */ = {
			isa = PBXSourcesBuildPhase;
			buildActionMask = 2147483647;
			files = (
				D6D590BE27E478570068C92A /* Cardify.swift in Sources */,
				D6D5906827DD32880068C92A /* Pie.swift in Sources */,
				D642AC1527D3A471008DA024 /* MemoryGameFactories.swift in Sources */,
				D642ABE027D2506A008DA024 /* EmojiGameView.swift in Sources */,
				D642AC0C27D27343008DA024 /* Theme.swift in Sources */,
				D6D5906427DCFC9C0068C92A /* ArrayExtension.swift in Sources */,
				D642AC1127D3A35B008DA024 /* EmojiMemoryGame.swift in Sources */,
				D642AC0E27D3A0C3008DA024 /* MemoryGame.swift in Sources */,
				D642AC0927D251F2008DA024 /* CardView.swift in Sources */,
				D642ABDE27D2506A008DA024 /* MemorizeApp.swift in Sources */,
				D6D5906627DD20C20068C92A /* AspectVGrid.swift in Sources */,
			);
			runOnlyForDeploymentPostprocessing = 0;
		};
		D642ABE627D2506C008DA024 /* Sources */ = {
			isa = PBXSourcesBuildPhase;
			buildActionMask = 2147483647;
			files = (
				D642ABEF27D2506C008DA024 /* MemorizeTests.swift in Sources */,
			);
			runOnlyForDeploymentPostprocessing = 0;
		};
		D642ABF027D2506C008DA024 /* Sources */ = {
			isa = PBXSourcesBuildPhase;
			buildActionMask = 2147483647;
			files = (
				D642ABFB27D2506C008DA024 /* MemorizeUITestsLaunchTests.swift in Sources */,
				D642ABF927D2506C008DA024 /* MemorizeUITests.swift in Sources */,
			);
			runOnlyForDeploymentPostprocessing = 0;
		};
/* End PBXSourcesBuildPhase section */

/* Begin PBXTargetDependency section */
		D642ABEC27D2506C008DA024 /* PBXTargetDependency */ = {
			isa = PBXTargetDependency;
			target = D642ABD927D25069008DA024 /* Memorize */;
			targetProxy = D642ABEB27D2506C008DA024 /* PBXContainerItemProxy */;
		};
		D642ABF627D2506C008DA024 /* PBXTargetDependency */ = {
			isa = PBXTargetDependency;
			target = D642ABD927D25069008DA024 /* Memorize */;
			targetProxy = D642ABF527D2506C008DA024 /* PBXContainerItemProxy */;
		};
/* End PBXTargetDependency section */

/* Begin XCBuildConfiguration section */
		D642ABFC27D2506C008DA024 /* Debug */ = {
			isa = XCBuildConfiguration;
			buildSettings = {
				ALWAYS_SEARCH_USER_PATHS = NO;
				CLANG_ANALYZER_NONNULL = YES;
				CLANG_ANALYZER_NUMBER_OBJECT_CONVERSION = YES_AGGRESSIVE;
				CLANG_CXX_LANGUAGE_STANDARD = "gnu++17";
				CLANG_CXX_LIBRARY = "libc++";
				CLANG_ENABLE_MODULES = YES;
				CLANG_ENABLE_OBJC_ARC = YES;
				CLANG_ENABLE_OBJC_WEAK = YES;
				CLANG_WARN_BLOCK_CAPTURE_AUTORELEASING = YES;
				CLANG_WARN_BOOL_CONVERSION = YES;
				CLANG_WARN_COMMA = YES;
				CLANG_WARN_CONSTANT_CONVERSION = YES;
				CLANG_WARN_DEPRECATED_OBJC_IMPLEMENTATIONS = YES;
				CLANG_WARN_DIRECT_OBJC_ISA_USAGE = YES_ERROR;
				CLANG_WARN_DOCUMENTATION_COMMENTS = YES;
				CLANG_WARN_EMPTY_BODY = YES;
				CLANG_WARN_ENUM_CONVERSION = YES;
				CLANG_WARN_INFINITE_RECURSION = YES;
				CLANG_WARN_INT_CONVERSION = YES;
				CLANG_WARN_NON_LITERAL_NULL_CONVERSION = YES;
				CLANG_WARN_OBJC_IMPLICIT_RETAIN_SELF = YES;
				CLANG_WARN_OBJC_LITERAL_CONVERSION = YES;
				CLANG_WARN_OBJC_ROOT_CLASS = YES_ERROR;
				CLANG_WARN_QUOTED_INCLUDE_IN_FRAMEWORK_HEADER = YES;
				CLANG_WARN_RANGE_LOOP_ANALYSIS = YES;
				CLANG_WARN_STRICT_PROTOTYPES = YES;
				CLANG_WARN_SUSPICIOUS_MOVE = YES;
				CLANG_WARN_UNGUARDED_AVAILABILITY = YES_AGGRESSIVE;
				CLANG_WARN_UNREACHABLE_CODE = YES;
				CLANG_WARN__DUPLICATE_METHOD_MATCH = YES;
				COPY_PHASE_STRIP = NO;
				DEBUG_INFORMATION_FORMAT = dwarf;
				ENABLE_STRICT_OBJC_MSGSEND = YES;
				ENABLE_TESTABILITY = YES;
				GCC_C_LANGUAGE_STANDARD = gnu11;
				GCC_DYNAMIC_NO_PIC = NO;
				GCC_NO_COMMON_BLOCKS = YES;
				GCC_OPTIMIZATION_LEVEL = 0;
				GCC_PREPROCESSOR_DEFINITIONS = (
					"DEBUG=1",
					"$(inherited)",
				);
				GCC_WARN_64_TO_32_BIT_CONVERSION = YES;
				GCC_WARN_ABOUT_RETURN_TYPE = YES_ERROR;
				GCC_WARN_UNDECLARED_SELECTOR = YES;
				GCC_WARN_UNINITIALIZED_AUTOS = YES_AGGRESSIVE;
				GCC_WARN_UNUSED_FUNCTION = YES;
				GCC_WARN_UNUSED_VARIABLE = YES;
				IPHONEOS_DEPLOYMENT_TARGET = 15.2;
				MTL_ENABLE_DEBUG_INFO = INCLUDE_SOURCE;
				MTL_FAST_MATH = YES;
				ONLY_ACTIVE_ARCH = YES;
				SDKROOT = iphoneos;
				SWIFT_ACTIVE_COMPILATION_CONDITIONS = DEBUG;
				SWIFT_OPTIMIZATION_LEVEL = "-Onone";
			};
			name = Debug;
		};
		D642ABFD27D2506C008DA024 /* Release */ = {
			isa = XCBuildConfiguration;
			buildSettings = {
				ALWAYS_SEARCH_USER_PATHS = NO;
				CLANG_ANALYZER_NONNULL = YES;
				CLANG_ANALYZER_NUMBER_OBJECT_CONVERSION = YES_AGGRESSIVE;
				CLANG_CXX_LANGUAGE_STANDARD = "gnu++17";
				CLANG_CXX_LIBRARY = "libc++";
				CLANG_ENABLE_MODULES = YES;
				CLANG_ENABLE_OBJC_ARC = YES;
				CLANG_ENABLE_OBJC_WEAK = YES;
				CLANG_WARN_BLOCK_CAPTURE_AUTORELEASING = YES;
				CLANG_WARN_BOOL_CONVERSION = YES;
				CLANG_WARN_COMMA = YES;
				CLANG_WARN_CONSTANT_CONVERSION = YES;
				CLANG_WARN_DEPRECATED_OBJC_IMPLEMENTATIONS = YES;
				CLANG_WARN_DIRECT_OBJC_ISA_USAGE = YES_ERROR;
				CLANG_WARN_DOCUMENTATION_COMMENTS = YES;
				CLANG_WARN_EMPTY_BODY = YES;
				CLANG_WARN_ENUM_CONVERSION = YES;
				CLANG_WARN_INFINITE_RECURSION = YES;
				CLANG_WARN_INT_CONVERSION = YES;
				CLANG_WARN_NON_LITERAL_NULL_CONVERSION = YES;
				CLANG_WARN_OBJC_IMPLICIT_RETAIN_SELF = YES;
				CLANG_WARN_OBJC_LITERAL_CONVERSION = YES;
				CLANG_WARN_OBJC_ROOT_CLASS = YES_ERROR;
				CLANG_WARN_QUOTED_INCLUDE_IN_FRAMEWORK_HEADER = YES;
				CLANG_WARN_RANGE_LOOP_ANALYSIS = YES;
				CLANG_WARN_STRICT_PROTOTYPES = YES;
				CLANG_WARN_SUSPICIOUS_MOVE = YES;
				CLANG_WARN_UNGUARDED_AVAILABILITY = YES_AGGRESSIVE;
				CLANG_WARN_UNREACHABLE_CODE = YES;
				CLANG_WARN__DUPLICATE_METHOD_MATCH = YES;
				COPY_PHASE_STRIP = NO;
				DEBUG_INFORMATION_FORMAT = "dwarf-with-dsym";
				ENABLE_NS_ASSERTIONS = NO;
				ENABLE_STRICT_OBJC_MSGSEND = YES;
				GCC_C_LANGUAGE_STANDARD = gnu11;
				GCC_NO_COMMON_BLOCKS = YES;
				GCC_WARN_64_TO_32_BIT_CONVERSION = YES;
				GCC_WARN_ABOUT_RETURN_TYPE = YES_ERROR;
				GCC_WARN_UNDECLARED_SELECTOR = YES;
				GCC_WARN_UNINITIALIZED_AUTOS = YES_AGGRESSIVE;
				GCC_WARN_UNUSED_FUNCTION = YES;
				GCC_WARN_UNUSED_VARIABLE = YES;
				IPHONEOS_DEPLOYMENT_TARGET = 15.2;
				MTL_ENABLE_DEBUG_INFO = NO;
				MTL_FAST_MATH = YES;
				SDKROOT = iphoneos;
				SWIFT_COMPILATION_MODE = wholemodule;
				SWIFT_OPTIMIZATION_LEVEL = "-O";
				VALIDATE_PRODUCT = YES;
			};
			name = Release;
		};
		D642ABFF27D2506C008DA024 /* Debug */ = {
			isa = XCBuildConfiguration;
			buildSettings = {
				ASSETCATALOG_COMPILER_APPICON_NAME = AppIcon;
				ASSETCATALOG_COMPILER_GLOBAL_ACCENT_COLOR_NAME = AccentColor;
				CODE_SIGN_STYLE = Automatic;
				CURRENT_PROJECT_VERSION = 1;
				DEVELOPMENT_ASSET_PATHS = "\"Memorize/Preview Content\"";
				DEVELOPMENT_TEAM = 6EQ2C96FBY;
				ENABLE_PREVIEWS = YES;
				GENERATE_INFOPLIST_FILE = YES;
				INFOPLIST_KEY_UIApplicationSceneManifest_Generation = YES;
				INFOPLIST_KEY_UIApplicationSupportsIndirectInputEvents = YES;
				INFOPLIST_KEY_UILaunchScreen_Generation = YES;
				INFOPLIST_KEY_UISupportedInterfaceOrientations_iPad = "UIInterfaceOrientationPortrait UIInterfaceOrientationPortraitUpsideDown UIInterfaceOrientationLandscapeLeft UIInterfaceOrientationLandscapeRight";
				INFOPLIST_KEY_UISupportedInterfaceOrientations_iPhone = "UIInterfaceOrientationPortrait UIInterfaceOrientationLandscapeLeft UIInterfaceOrientationLandscapeRight";
				LD_RUNPATH_SEARCH_PATHS = (
					"$(inherited)",
					"@executable_path/Frameworks",
				);
				MARKETING_VERSION = 1.0;
				PRODUCT_BUNDLE_IDENTIFIER = com.skektech.ps193n.Memorize;
				PRODUCT_NAME = "$(TARGET_NAME)";
				SWIFT_EMIT_LOC_STRINGS = YES;
				SWIFT_VERSION = 5.0;
				TARGETED_DEVICE_FAMILY = "1,2";
			};
			name = Debug;
		};
		D642AC0027D2506C008DA024 /* Release */ = {
			isa = XCBuildConfiguration;
			buildSettings = {
				ASSETCATALOG_COMPILER_APPICON_NAME = AppIcon;
				ASSETCATALOG_COMPILER_GLOBAL_ACCENT_COLOR_NAME = AccentColor;
				CODE_SIGN_STYLE = Automatic;
				CURRENT_PROJECT_VERSION = 1;
				DEVELOPMENT_ASSET_PATHS = "\"Memorize/Preview Content\"";
				DEVELOPMENT_TEAM = 6EQ2C96FBY;
				ENABLE_PREVIEWS = YES;
				GENERATE_INFOPLIST_FILE = YES;
				INFOPLIST_KEY_UIApplicationSceneManifest_Generation = YES;
				INFOPLIST_KEY_UIApplicationSupportsIndirectInputEvents = YES;
				INFOPLIST_KEY_UILaunchScreen_Generation = YES;
				INFOPLIST_KEY_UISupportedInterfaceOrientations_iPad = "UIInterfaceOrientationPortrait UIInterfaceOrientationPortraitUpsideDown UIInterfaceOrientationLandscapeLeft UIInterfaceOrientationLandscapeRight";
				INFOPLIST_KEY_UISupportedInterfaceOrientations_iPhone = "UIInterfaceOrientationPortrait UIInterfaceOrientationLandscapeLeft UIInterfaceOrientationLandscapeRight";
				LD_RUNPATH_SEARCH_PATHS = (
					"$(inherited)",
					"@executable_path/Frameworks",
				);
				MARKETING_VERSION = 1.0;
				PRODUCT_BUNDLE_IDENTIFIER = com.skektech.ps193n.Memorize;
				PRODUCT_NAME = "$(TARGET_NAME)";
				SWIFT_EMIT_LOC_STRINGS = YES;
				SWIFT_VERSION = 5.0;
				TARGETED_DEVICE_FAMILY = "1,2";
			};
			name = Release;
		};
		D642AC0227D2506C008DA024 /* Debug */ = {
			isa = XCBuildConfiguration;
			buildSettings = {
				ALWAYS_EMBED_SWIFT_STANDARD_LIBRARIES = YES;
				BUNDLE_LOADER = "$(TEST_HOST)";
				CODE_SIGN_STYLE = Automatic;
				CURRENT_PROJECT_VERSION = 1;
				DEVELOPMENT_TEAM = 6EQ2C96FBY;
				GENERATE_INFOPLIST_FILE = YES;
				IPHONEOS_DEPLOYMENT_TARGET = 15.2;
				MARKETING_VERSION = 1.0;
				PRODUCT_BUNDLE_IDENTIFIER = com.skektech.ps193n.MemorizeTests;
				PRODUCT_NAME = "$(TARGET_NAME)";
				SWIFT_EMIT_LOC_STRINGS = NO;
				SWIFT_VERSION = 5.0;
				TARGETED_DEVICE_FAMILY = "1,2";
				TEST_HOST = "$(BUILT_PRODUCTS_DIR)/Memorize.app/Memorize";
			};
			name = Debug;
		};
		D642AC0327D2506C008DA024 /* Release */ = {
			isa = XCBuildConfiguration;
			buildSettings = {
				ALWAYS_EMBED_SWIFT_STANDARD_LIBRARIES = YES;
				BUNDLE_LOADER = "$(TEST_HOST)";
				CODE_SIGN_STYLE = Automatic;
				CURRENT_PROJECT_VERSION = 1;
				DEVELOPMENT_TEAM = 6EQ2C96FBY;
				GENERATE_INFOPLIST_FILE = YES;
				IPHONEOS_DEPLOYMENT_TARGET = 15.2;
				MARKETING_VERSION = 1.0;
				PRODUCT_BUNDLE_IDENTIFIER = com.skektech.ps193n.MemorizeTests;
				PRODUCT_NAME = "$(TARGET_NAME)";
				SWIFT_EMIT_LOC_STRINGS = NO;
				SWIFT_VERSION = 5.0;
				TARGETED_DEVICE_FAMILY = "1,2";
				TEST_HOST = "$(BUILT_PRODUCTS_DIR)/Memorize.app/Memorize";
			};
			name = Release;
		};
		D642AC0527D2506C008DA024 /* Debug */ = {
			isa = XCBuildConfiguration;
			buildSettings = {
				ALWAYS_EMBED_SWIFT_STANDARD_LIBRARIES = YES;
				CODE_SIGN_STYLE = Automatic;
				CURRENT_PROJECT_VERSION = 1;
				DEVELOPMENT_TEAM = 6EQ2C96FBY;
				GENERATE_INFOPLIST_FILE = YES;
				MARKETING_VERSION = 1.0;
				PRODUCT_BUNDLE_IDENTIFIER = com.skektech.ps193n.MemorizeUITests;
				PRODUCT_NAME = "$(TARGET_NAME)";
				SWIFT_EMIT_LOC_STRINGS = NO;
				SWIFT_VERSION = 5.0;
				TARGETED_DEVICE_FAMILY = "1,2";
				TEST_TARGET_NAME = Memorize;
			};
			name = Debug;
		};
		D642AC0627D2506C008DA024 /* Release */ = {
			isa = XCBuildConfiguration;
			buildSettings = {
				ALWAYS_EMBED_SWIFT_STANDARD_LIBRARIES = YES;
				CODE_SIGN_STYLE = Automatic;
				CURRENT_PROJECT_VERSION = 1;
				DEVELOPMENT_TEAM = 6EQ2C96FBY;
				GENERATE_INFOPLIST_FILE = YES;
				MARKETING_VERSION = 1.0;
				PRODUCT_BUNDLE_IDENTIFIER = com.skektech.ps193n.MemorizeUITests;
				PRODUCT_NAME = "$(TARGET_NAME)";
				SWIFT_EMIT_LOC_STRINGS = NO;
				SWIFT_VERSION = 5.0;
				TARGETED_DEVICE_FAMILY = "1,2";
				TEST_TARGET_NAME = Memorize;
			};
			name = Release;
		};
/* End XCBuildConfiguration section */

/* Begin XCConfigurationList section */
		D642ABD527D25069008DA024 /* Build configuration list for PBXProject "Memorize" */ = {
			isa = XCConfigurationList;
			buildConfigurations = (
				D642ABFC27D2506C008DA024 /* Debug */,
				D642ABFD27D2506C008DA024 /* Release */,
			);
			defaultConfigurationIsVisible = 0;
			defaultConfigurationName = Release;
		};
		D642ABFE27D2506C008DA024 /* Build configuration list for PBXNativeTarget "Memorize" */ = {
			isa = XCConfigurationList;
			buildConfigurations = (
				D642ABFF27D2506C008DA024 /* Debug */,
				D642AC0027D2506C008DA024 /* Release */,
			);
			defaultConfigurationIsVisible = 0;
			defaultConfigurationName = Release;
		};
		D642AC0127D2506C008DA024 /* Build configuration list for PBXNativeTarget "MemorizeTests" */ = {
			isa = XCConfigurationList;
			buildConfigurations = (
				D642AC0227D2506C008DA024 /* Debug */,
				D642AC0327D2506C008DA024 /* Release */,
			);
			defaultConfigurationIsVisible = 0;
			defaultConfigurationName = Release;
		};
		D642AC0427D2506C008DA024 /* Build configuration list for PBXNativeTarget "MemorizeUITests" */ = {
			isa = XCConfigurationList;
			buildConfigurations = (
				D642AC0527D2506C008DA024 /* Debug */,
				D642AC0627D2506C008DA024 /* Release */,
			);
			defaultConfigurationIsVisible = 0;
			defaultConfigurationName = Release;
		};
/* End XCConfigurationList section */
	};
	rootObject = D642ABD227D25069008DA024 /* Project object */;
}
